
Microsoft Visual Studio Solution File, Format Version 12.00
# Visual Studio 14
VisualStudioVersion = 14.0.23107.0
MinimumVisualStudioVersion = 10.0.40219.1
Project("{FAE04EC0-301F-11D3-BF4B-00C04F79EFBC}") = "Task1.Clock", "Task1.Clock\Task1.Clock.csproj", "{C4AC0254-B193-4301-968B-C98AA0FA6C8E}"
EndProject
Project("{FAE04EC0-301F-11D3-BF4B-00C04F79EFBC}") = "Task2.Fibonacci", "Task2.Fibonacci\Task2.Fibonacci.csproj", "{94646DF9-8990-44EA-98A8-E44722EED435}"
EndProject
Project("{FAE04EC0-301F-11D3-BF4B-00C04F79EFBC}") = "Task3.Queue", "Task3.Queue\Task3.Queue.csproj", "{493B9E08-9890-42D5-BD59-F2EBCCC8B95A}"
EndProject
Project("{FAE04EC0-301F-11D3-BF4B-00C04F79EFBC}") = "Task2.Fibonacci.NUnitTests", "Task2.Fibonacci.NUnitTests\Task2.Fibonacci.NUnitTests.csproj", "{720C0CE4-7BA8-4A7D-8E16-3D5C8C3DC1E9}"
EndProject
Project("{FAE04EC0-301F-11D3-BF4B-00C04F79EFBC}") = "Task1.ConsoleUI", "Task1.ConsoleUI\Task1.ConsoleUI.csproj", "{E256E499-457D-4A5B-A042-8ACCDACEDBCF}"
EndProject
Project("{FAE04EC0-301F-11D3-BF4B-00C04F79EFBC}") = "Task3.Queue.ConsoleUI", "Task3.Queue.ConsoleUI\Task3.Queue.ConsoleUI.csproj", "{4D4834AF-3C91-4D12-81AC-9241AB310748}"
EndProject
Project("{FAE04EC0-301F-11D3-BF4B-00C04F79EFBC}") = "Task4.BinarySearch", "Task4.BinarySearch\Task4.BinarySearch.csproj", "{C0109C6D-BC44-4C68-B1A5-788AD7CA34C8}"
EndProject
Project("{FAE04EC0-301F-11D3-BF4B-00C04F79EFBC}") = "Task4.BinarySearch.NUnitTests", "Task4.BinarySearch.NUnitTests\Task4.BinarySearch.NUnitTests.csproj", "{A4C7CFDF-6FB4-441A-A1AB-0507ACC6DCB0}"
EndProject
Global
	GlobalSection(SolutionConfigurationPlatforms) = preSolution
		Debug|Any CPU = Debug|Any CPU
		Release|Any CPU = Release|Any CPU
	EndGlobalSection
	GlobalSection(ProjectConfigurationPlatforms) = postSolution
		{C4AC0254-B193-4301-968B-C98AA0FA6C8E}.Debug|Any CPU.ActiveCfg = Debug|Any CPU
		{C4AC0254-B193-4301-968B-C98AA0FA6C8E}.Debug|Any CPU.Build.0 = Debug|Any CPU
		{C4AC0254-B193-4301-968B-C98AA0FA6C8E}.Release|Any CPU.ActiveCfg = Release|Any CPU
		{C4AC0254-B193-4301-968B-C98AA0FA6C8E}.Release|Any CPU.Build.0 = Release|Any CPU
		{94646DF9-8990-44EA-98A8-E44722EED435}.Debug|Any CPU.ActiveCfg = Debug|Any CPU
		{94646DF9-8990-44EA-98A8-E44722EED435}.Debug|Any CPU.Build.0 = Debug|Any CPU
		{94646DF9-8990-44EA-98A8-E44722EED435}.Release|Any CPU.ActiveCfg = Release|Any CPU
		{94646DF9-8990-44EA-98A8-E44722EED435}.Release|Any CPU.Build.0 = Release|Any CPU
		{493B9E08-9890-42D5-BD59-F2EBCCC8B95A}.Debug|Any CPU.ActiveCfg = Debug|Any CPU
		{493B9E08-9890-42D5-BD59-F2EBCCC8B95A}.Debug|Any CPU.Build.0 = Debug|Any CPU
		{493B9E08-9890-42D5-BD59-F2EBCCC8B95A}.Release|Any CPU.ActiveCfg = Release|Any CPU
		{493B9E08-9890-42D5-BD59-F2EBCCC8B95A}.Release|Any CPU.Build.0 = Release|Any CPU
		{720C0CE4-7BA8-4A7D-8E16-3D5C8C3DC1E9}.Debug|Any CPU.ActiveCfg = Debug|Any CPU
		{720C0CE4-7BA8-4A7D-8E16-3D5C8C3DC1E9}.Debug|Any CPU.Build.0 = Debug|Any CPU
		{720C0CE4-7BA8-4A7D-8E16-3D5C8C3DC1E9}.Release|Any CPU.ActiveCfg = Release|Any CPU
		{720C0CE4-7BA8-4A7D-8E16-3D5C8C3DC1E9}.Release|Any CPU.Build.0 = Release|Any CPU
		{E256E499-457D-4A5B-A042-8ACCDACEDBCF}.Debug|Any CPU.ActiveCfg = Debug|Any CPU
		{E256E499-457D-4A5B-A042-8ACCDACEDBCF}.Debug|Any CPU.Build.0 = Debug|Any CPU
		{E256E499-457D-4A5B-A042-8ACCDACEDBCF}.Release|Any CPU.ActiveCfg = Release|Any CPU
		{E256E499-457D-4A5B-A042-8ACCDACEDBCF}.Release|Any CPU.Build.0 = Release|Any CPU
		{4D4834AF-3C91-4D12-81AC-9241AB310748}.Debug|Any CPU.ActiveCfg = Debug|Any CPU
		{4D4834AF-3C91-4D12-81AC-9241AB310748}.Debug|Any CPU.Build.0 = Debug|Any CPU
		{4D4834AF-3C91-4D12-81AC-9241AB310748}.Release|Any CPU.ActiveCfg = Release|Any CPU
		{4D4834AF-3C91-4D12-81AC-9241AB310748}.Release|Any CPU.Build.0 = Release|Any CPU
		{C0109C6D-BC44-4C68-B1A5-788AD7CA34C8}.Debug|Any CPU.ActiveCfg = Debug|Any CPU
		{C0109C6D-BC44-4C68-B1A5-788AD7CA34C8}.Debug|Any CPU.Build.0 = Debug|Any CPU
		{C0109C6D-BC44-4C68-B1A5-788AD7CA34C8}.Release|Any CPU.ActiveCfg = Release|Any CPU
		{C0109C6D-BC44-4C68-B1A5-788AD7CA34C8}.Release|Any CPU.Build.0 = Release|Any CPU
		{A4C7CFDF-6FB4-441A-A1AB-0507ACC6DCB0}.Debug|Any CPU.ActiveCfg = Debug|Any CPU
		{A4C7CFDF-6FB4-441A-A1AB-0507ACC6DCB0}.Debug|Any CPU.Build.0 = Debug|Any CPU
		{A4C7CFDF-6FB4-441A-A1AB-0507ACC6DCB0}.Release|Any CPU.ActiveCfg = Release|Any CPU
		{A4C7CFDF-6FB4-441A-A1AB-0507ACC6DCB0}.Release|Any CPU.Build.0 = Release|Any CPU
	EndGlobalSection
	GlobalSection(SolutionProperties) = preSolution
		HideSolutionNode = FALSE
	EndGlobalSection
EndGlobal
